
Microsoft Visual Studio Solution File, Format Version 12.00
# Visual Studio Version 17
VisualStudioVersion = 17.11.35312.102
MinimumVisualStudioVersion = 10.0.40219.1
Project("{FAE04EC0-301F-11D3-BF4B-00C04F79EFBC}") = "TodoServerApp", "TodoServerApp\TodoServerApp.csproj", "{FCB5CB25-9378-4EF4-B048-806F3A7BCD59}"
EndProject
Global
	GlobalSection(SolutionConfigurationPlatforms) = preSolution
		Debug|Any CPU = Debug|Any CPU
		Release|Any CPU = Release|Any CPU
	EndGlobalSection
	GlobalSection(ProjectConfigurationPlatforms) = postSolution
		{FCB5CB25-9378-4EF4-B048-806F3A7BCD59}.Debug|Any CPU.ActiveCfg = Debug|Any CPU
		{FCB5CB25-9378-4EF4-B048-806F3A7BCD59}.Debug|Any CPU.Build.0 = Debug|Any CPU
		{FCB5CB25-9378-4EF4-B048-806F3A7BCD59}.Release|Any CPU.ActiveCfg = Release|Any CPU
		{FCB5CB25-9378-4EF4-B048-806F3A7BCD59}.Release|Any CPU.Build.0 = Release|Any CPU
	EndGlobalSection
	GlobalSection(SolutionProperties) = preSolution
		HideSolutionNode = FALSE
	EndGlobalSection
	GlobalSection(ExtensibilityGlobals) = postSolution
		SolutionGuid = {2A4ADFDF-0113-4BB9-8AE7-037922F30B72}
	EndGlobalSection
EndGlobal
